Microsoft Visual Studio Solution File, Format Version 12.00
# Visual Studio Version 17
VisualStudioVersion = 17.5.2.0
MinimumVisualStudioVersion = 10.0.40219.1
Project("{FAE04EC0-301F-11D3-BF4B-00C04F79EFBC}") = "FirstDockerApp", "FirstDockerApp.csproj", "{F24346C8-D4FB-7D74-1777-11914E141BF1}"
EndProject
Global
	GlobalSection(SolutionConfigurationPlatforms) = preSolution
		Debug|Any CPU = Debug|Any CPU
		Release|Any CPU = Release|Any CPU
	EndGlobalSection
	GlobalSection(ProjectConfigurationPlatforms) = postSolution
		{F24346C8-D4FB-7D74-1777-11914E141BF1}.Debug|Any CPU.ActiveCfg = Debug|Any CPU
		{F24346C8-D4FB-7D74-1777-11914E141BF1}.Debug|Any CPU.Build.0 = Debug|Any CPU
		{F24346C8-D4FB-7D74-1777-11914E141BF1}.Release|Any CPU.ActiveCfg = Release|Any CPU
		{F24346C8-D4FB-7D74-1777-11914E141BF1}.Release|Any CPU.Build.0 = Release|Any CPU
	EndGlobalSection
	GlobalSection(SolutionProperties) = preSolution
		HideSolutionNode = FALSE
	EndGlobalSection
	GlobalSection(ExtensibilityGlobals) = postSolution
		SolutionGuid = {A76DF517-083E-4E40-B5C6-6483B8FE9CC2}
	EndGlobalSection
EndGlobal
